
Microsoft Visual Studio Solution File, Format Version 12.00
# Visual Studio 15
VisualStudioVersion = 15.0.28307.1062
MinimumVisualStudioVersion = 10.0.40219.1
Project("{FAE04EC0-301F-11D3-BF4B-00C04F79EFBC}") = "QR Kod Oluşturma", "QR Kod Oluşturma\QR Kod Oluşturma.csproj", "{1D28432C-FC7D-43B0-BAA1-3444108FC335}"
EndProject
Global
	GlobalSection(SolutionConfigurationPlatforms) = preSolution
		Debug|Any CPU = Debug|Any CPU
		Release|Any CPU = Release|Any CPU
	EndGlobalSection
	GlobalSection(ProjectConfigurationPlatforms) = postSolution
		{1D28432C-FC7D-43B0-BAA1-3444108FC335}.Debug|Any CPU.ActiveCfg = Debug|Any CPU
		{1D28432C-FC7D-43B0-BAA1-3444108FC335}.Debug|Any CPU.Build.0 = Debug|Any CPU
		{1D28432C-FC7D-43B0-BAA1-3444108FC335}.Release|Any CPU.ActiveCfg = Release|Any CPU
		{1D28432C-FC7D-43B0-BAA1-3444108FC335}.Release|Any CPU.Build.0 = Release|Any CPU
	EndGlobalSection
	GlobalSection(SolutionProperties) = preSolution
		HideSolutionNode = FALSE
	EndGlobalSection
	GlobalSection(ExtensibilityGlobals) = postSolution
		SolutionGuid = {569EC20B-F8B7-4E16-BDDA-D9A745CE14AB}
	EndGlobalSection
EndGlobal
